
Microsoft Visual Studio Solution File, Format Version 12.00
# Visual Studio Version 16
VisualStudioVersion = 16.0.32602.291
MinimumVisualStudioVersion = 10.0.40219.1
Project("{FAE04EC0-301F-11D3-BF4B-00C04F79EFBC}") = "tabCode", "tabCode\tabCode.csproj", "{8A86AB93-C9E0-44FD-8B3A-1130FD1A317C}"
EndProject
Global
	GlobalSection(SolutionConfigurationPlatforms) = preSolution
		Debug|Any CPU = Debug|Any CPU
		Release|Any CPU = Release|Any CPU
	EndGlobalSection
	GlobalSection(ProjectConfigurationPlatforms) = postSolution
		{8A86AB93-C9E0-44FD-8B3A-1130FD1A317C}.Debug|Any CPU.ActiveCfg = Debug|Any CPU
		{8A86AB93-C9E0-44FD-8B3A-1130FD1A317C}.Debug|Any CPU.Build.0 = Debug|Any CPU
		{8A86AB93-C9E0-44FD-8B3A-1130FD1A317C}.Release|Any CPU.ActiveCfg = Release|Any CPU
		{8A86AB93-C9E0-44FD-8B3A-1130FD1A317C}.Release|Any CPU.Build.0 = Release|Any CPU
	EndGlobalSection
	GlobalSection(SolutionProperties) = preSolution
		HideSolutionNode = FALSE
	EndGlobalSection
	GlobalSection(ExtensibilityGlobals) = postSolution
		SolutionGuid = {56C7496A-DEBC-4ADA-8B6C-23BB93E3CCF9}
	EndGlobalSection
EndGlobal
