
Microsoft Visual Studio Solution File, Format Version 12.00
# Visual Studio Version 16
VisualStudioVersion = 16.0.32602.291
MinimumVisualStudioVersion = 10.0.40219.1
Project("{FAE04EC0-301F-11D3-BF4B-00C04F79EFBC}") = "Ce1UAA11_2022_GuillaumeCollin", "Ce1UAA11_2022_GuillaumeCollin\Ce1UAA11_2022_GuillaumeCollin.csproj", "{4338836A-D21D-4866-A06E-7FAE788ECBE5}"
EndProject
Global
	GlobalSection(SolutionConfigurationPlatforms) = preSolution
		Debug|Any CPU = Debug|Any CPU
		Release|Any CPU = Release|Any CPU
	EndGlobalSection
	GlobalSection(ProjectConfigurationPlatforms) = postSolution
		{4338836A-D21D-4866-A06E-7FAE788ECBE5}.Debug|Any CPU.ActiveCfg = Debug|Any CPU
		{4338836A-D21D-4866-A06E-7FAE788ECBE5}.Debug|Any CPU.Build.0 = Debug|Any CPU
		{4338836A-D21D-4866-A06E-7FAE788ECBE5}.Release|Any CPU.ActiveCfg = Release|Any CPU
		{4338836A-D21D-4866-A06E-7FAE788ECBE5}.Release|Any CPU.Build.0 = Release|Any CPU
	EndGlobalSection
	GlobalSection(SolutionProperties) = preSolution
		HideSolutionNode = FALSE
	EndGlobalSection
	GlobalSection(ExtensibilityGlobals) = postSolution
		SolutionGuid = {14B89159-CCA6-44F7-A2E2-2D1F8EC2B26B}
	EndGlobalSection
EndGlobal
