
Microsoft Visual Studio Solution File, Format Version 12.00
# Visual Studio Version 16
VisualStudioVersion = 16.0.32602.291
MinimumVisualStudioVersion = 10.0.40219.1
Project("{FAE04EC0-301F-11D3-BF4B-00C04F79EFBC}") = "master_mind", "master_mind\master_mind.csproj", "{2348D2AB-F581-4D59-8AA4-A962E9DE0AC8}"
EndProject
Global
	GlobalSection(SolutionConfigurationPlatforms) = preSolution
		Debug|Any CPU = Debug|Any CPU
		Release|Any CPU = Release|Any CPU
	EndGlobalSection
	GlobalSection(ProjectConfigurationPlatforms) = postSolution
		{2348D2AB-F581-4D59-8AA4-A962E9DE0AC8}.Debug|Any CPU.ActiveCfg = Debug|Any CPU
		{2348D2AB-F581-4D59-8AA4-A962E9DE0AC8}.Debug|Any CPU.Build.0 = Debug|Any CPU
		{2348D2AB-F581-4D59-8AA4-A962E9DE0AC8}.Release|Any CPU.ActiveCfg = Release|Any CPU
		{2348D2AB-F581-4D59-8AA4-A962E9DE0AC8}.Release|Any CPU.Build.0 = Release|Any CPU
	EndGlobalSection
	GlobalSection(SolutionProperties) = preSolution
		HideSolutionNode = FALSE
	EndGlobalSection
	GlobalSection(ExtensibilityGlobals) = postSolution
		SolutionGuid = {564B25FF-071A-427B-9206-69DAAB5C0C24}
	EndGlobalSection
EndGlobal
