
Microsoft Visual Studio Solution File, Format Version 12.00
# Visual Studio Version 16
VisualStudioVersion = 16.0.32602.291
MinimumVisualStudioVersion = 10.0.40219.1
Project("{FAE04EC0-301F-11D3-BF4B-00C04F79EFBC}") = "tritableuax_Guilaume_collin", "tritableuax_Guilaume_collin\tritableuax_Guilaume_collin.csproj", "{D30ECD2E-B997-45CE-96E9-B355A10CC1A1}"
EndProject
Global
	GlobalSection(SolutionConfigurationPlatforms) = preSolution
		Debug|Any CPU = Debug|Any CPU
		Release|Any CPU = Release|Any CPU
	EndGlobalSection
	GlobalSection(ProjectConfigurationPlatforms) = postSolution
		{D30ECD2E-B997-45CE-96E9-B355A10CC1A1}.Debug|Any CPU.ActiveCfg = Debug|Any CPU
		{D30ECD2E-B997-45CE-96E9-B355A10CC1A1}.Debug|Any CPU.Build.0 = Debug|Any CPU
		{D30ECD2E-B997-45CE-96E9-B355A10CC1A1}.Release|Any CPU.ActiveCfg = Release|Any CPU
		{D30ECD2E-B997-45CE-96E9-B355A10CC1A1}.Release|Any CPU.Build.0 = Release|Any CPU
	EndGlobalSection
	GlobalSection(SolutionProperties) = preSolution
		HideSolutionNode = FALSE
	EndGlobalSection
	GlobalSection(ExtensibilityGlobals) = postSolution
		SolutionGuid = {9349078B-0198-41A7-850D-65E52344AF4E}
	EndGlobalSection
EndGlobal
